
Microsoft Visual Studio Solution File, Format Version 12.00
# Visual Studio Version 16
VisualStudioVersion = 16.0.30717.126
MinimumVisualStudioVersion = 10.0.40219.1
Project("{FAE04EC0-301F-11D3-BF4B-00C04F79EFBC}") = "RollTools", "RollTools.csproj", "{589BF6DA-2403-4488-9223-68A6C99A68F3}"
EndProject
Global
	GlobalSection(SolutionConfigurationPlatforms) = preSolution
		Debug|Any CPU = Debug|Any CPU
		Release|Any CPU = Release|Any CPU
	EndGlobalSection
	GlobalSection(ProjectConfigurationPlatforms) = postSolution
		{589BF6DA-2403-4488-9223-68A6C99A68F3}.Debug|Any CPU.ActiveCfg = Debug|Any CPU
		{589BF6DA-2403-4488-9223-68A6C99A68F3}.Debug|Any CPU.Build.0 = Debug|Any CPU
		{589BF6DA-2403-4488-9223-68A6C99A68F3}.Release|Any CPU.ActiveCfg = Release|Any CPU
		{589BF6DA-2403-4488-9223-68A6C99A68F3}.Release|Any CPU.Build.0 = Release|Any CPU
	EndGlobalSection
	GlobalSection(SolutionProperties) = preSolution
		HideSolutionNode = FALSE
	EndGlobalSection
	GlobalSection(ExtensibilityGlobals) = postSolution
		SolutionGuid = {6784946D-1806-4D9E-842A-671213124FEE}
	EndGlobalSection
EndGlobal
